
Microsoft Visual Studio Solution File, Format Version 12.00
# Visual Studio Version 17
VisualStudioVersion = 17.0.32014.148
MinimumVisualStudioVersion = 10.0.40219.1
Project("{FAE04EC0-301F-11D3-BF4B-00C04F79EFBC}") = "Flying Bird", "Flying Bird.csproj", "{CF9761BF-42D8-4766-AB84-5F6A4CEB0EA2}"
EndProject
Global
	GlobalSection(SolutionConfigurationPlatforms) = preSolution
		Debug|Any CPU = Debug|Any CPU
		Release|Any CPU = Release|Any CPU
	EndGlobalSection
	GlobalSection(ProjectConfigurationPlatforms) = postSolution
		{CF9761BF-42D8-4766-AB84-5F6A4CEB0EA2}.Debug|Any CPU.ActiveCfg = Debug|Any CPU
		{CF9761BF-42D8-4766-AB84-5F6A4CEB0EA2}.Debug|Any CPU.Build.0 = Debug|Any CPU
		{CF9761BF-42D8-4766-AB84-5F6A4CEB0EA2}.Release|Any CPU.ActiveCfg = Release|Any CPU
		{CF9761BF-42D8-4766-AB84-5F6A4CEB0EA2}.Release|Any CPU.Build.0 = Release|Any CPU
	EndGlobalSection
	GlobalSection(SolutionProperties) = preSolution
		HideSolutionNode = FALSE
	EndGlobalSection
	GlobalSection(ExtensibilityGlobals) = postSolution
		SolutionGuid = {4F81023B-5E60-4046-8A66-F477F6550777}
	EndGlobalSection
EndGlobal
